{
  "name": "pop",
  "version": "1.0.0",
  "lockfileVersion": 1,
  "requires": true,
  "dependencies": {
    "canvas": {
      "version": "1.6.12",
      "resolved": "https://registry.npmjs.org/canvas/-/canvas-1.6.12.tgz",
      "integrity": "sha512-ssgSavCsdemQYCx2ytzl/KZnFthdMm7OhJw2D8DWiyoSrl5WpY4ghJ/zTghs+4Ck08WFaLqwWUKFdjRO9CJyRg==",
      "requires": {
        "nan": "^2.10.0"
      }
    },
    "nan": {
      "version": "2.11.1",
      "resolved": "https://registry.npmjs.org/nan/-/nan-2.11.1.tgz",
      "integrity": "sha512-iji6k87OSXa0CcrLl9z+ZiYSuR2o+c0bGuNmXdrhTQTakxytAFsC56SArGYoiHlJlFoHSnvmhpceZJaXkVuOtA=="
    }
  }
}
